
Microsoft Visual Studio Solution File, Format Version 12.00
# Visual Studio 15
VisualStudioVersion = 15.0.27428.2015
MinimumVisualStudioVersion = 10.0.40219.1
Project("{9A19103F-16F7-4668-BE54-9A1E7A4F7556}") = "1. WebApiStandards", "WebApiStandards\1. WebApiStandards.csproj", "{AABF49EC-6F70-4599-B0BA-3EF0F74E28B6}"
EndProject
Project("{FAE04EC0-301F-11D3-BF4B-00C04F79EFBC}") = "2. PracticeSample", "PracticeSample\2. PracticeSample.csproj", "{2051785F-F76D-4F2C-87B2-41B0D5F3D992}"
EndProject
Global
	GlobalSection(SolutionConfigurationPlatforms) = preSolution
		Debug|Any CPU = Debug|Any CPU
		Release|Any CPU = Release|Any CPU
	EndGlobalSection
	GlobalSection(ProjectConfigurationPlatforms) = postSolution
		{AABF49EC-6F70-4599-B0BA-3EF0F74E28B6}.Debug|Any CPU.ActiveCfg = Debug|Any CPU
		{AABF49EC-6F70-4599-B0BA-3EF0F74E28B6}.Debug|Any CPU.Build.0 = Debug|Any CPU
		{AABF49EC-6F70-4599-B0BA-3EF0F74E28B6}.Release|Any CPU.ActiveCfg = Release|Any CPU
		{AABF49EC-6F70-4599-B0BA-3EF0F74E28B6}.Release|Any CPU.Build.0 = Release|Any CPU
		{2051785F-F76D-4F2C-87B2-41B0D5F3D992}.Debug|Any CPU.ActiveCfg = Debug|Any CPU
		{2051785F-F76D-4F2C-87B2-41B0D5F3D992}.Debug|Any CPU.Build.0 = Debug|Any CPU
		{2051785F-F76D-4F2C-87B2-41B0D5F3D992}.Release|Any CPU.ActiveCfg = Release|Any CPU
		{2051785F-F76D-4F2C-87B2-41B0D5F3D992}.Release|Any CPU.Build.0 = Release|Any CPU
	EndGlobalSection
	GlobalSection(SolutionProperties) = preSolution
		HideSolutionNode = FALSE
	EndGlobalSection
	GlobalSection(ExtensibilityGlobals) = postSolution
		SolutionGuid = {25F56AD3-22EA-4E51-977C-DB28232D0ADC}
	EndGlobalSection
EndGlobal
